
Microsoft Visual Studio Solution File, Format Version 12.00
# Visual Studio 15
VisualStudioVersion = 15.0.34930.48
MinimumVisualStudioVersion = 10.0.40219.1
Project("{FAE04EC0-301F-11D3-BF4B-00C04F79EFBC}") = "Shop", "Shop\Shop.csproj", "{AC97D2F7-20E2-4EB0-978A-DAC3F19D6399}"
EndProject
Global
	GlobalSection(SolutionConfigurationPlatforms) = preSolution
		Debug|Any CPU = Debug|Any CPU
		Release|Any CPU = Release|Any CPU
	EndGlobalSection
	GlobalSection(ProjectConfigurationPlatforms) = postSolution
		{AC97D2F7-20E2-4EB0-978A-DAC3F19D6399}.Debug|Any CPU.ActiveCfg = Debug|Any CPU
		{AC97D2F7-20E2-4EB0-978A-DAC3F19D6399}.Debug|Any CPU.Build.0 = Debug|Any CPU
		{AC97D2F7-20E2-4EB0-978A-DAC3F19D6399}.Release|Any CPU.ActiveCfg = Release|Any CPU
		{AC97D2F7-20E2-4EB0-978A-DAC3F19D6399}.Release|Any CPU.Build.0 = Release|Any CPU
	EndGlobalSection
	GlobalSection(SolutionProperties) = preSolution
		HideSolutionNode = FALSE
	EndGlobalSection
	GlobalSection(ExtensibilityGlobals) = postSolution
		SolutionGuid = {CB345D36-BF1E-4BDC-BA17-454D2B17E59B}
	EndGlobalSection
EndGlobal
